
Microsoft Visual Studio Solution File, Format Version 12.00
# Visual Studio Version 17
VisualStudioVersion = 17.3.32929.385
MinimumVisualStudioVersion = 10.0.40219.1
Project("{FAE04EC0-301F-11D3-BF4B-00C04F79EFBC}") = "GestionPaleREST", "GestionPaleREST\GestionPaleREST.csproj", "{F19B404D-4E93-417A-8C5F-F04C6DA37AF4}"
EndProject
Global
	GlobalSection(SolutionConfigurationPlatforms) = preSolution
		Debug|Any CPU = Debug|Any CPU
		Release|Any CPU = Release|Any CPU
	EndGlobalSection
	GlobalSection(ProjectConfigurationPlatforms) = postSolution
		{F19B404D-4E93-417A-8C5F-F04C6DA37AF4}.Debug|Any CPU.ActiveCfg = Debug|Any CPU
		{F19B404D-4E93-417A-8C5F-F04C6DA37AF4}.Debug|Any CPU.Build.0 = Debug|Any CPU
		{F19B404D-4E93-417A-8C5F-F04C6DA37AF4}.Release|Any CPU.ActiveCfg = Release|Any CPU
		{F19B404D-4E93-417A-8C5F-F04C6DA37AF4}.Release|Any CPU.Build.0 = Release|Any CPU
	EndGlobalSection
	GlobalSection(SolutionProperties) = preSolution
		HideSolutionNode = FALSE
	EndGlobalSection
	GlobalSection(ExtensibilityGlobals) = postSolution
		SolutionGuid = {326E30BE-CE61-4B4C-A94E-7C30E3DB58D5}
	EndGlobalSection
EndGlobal
