
Microsoft Visual Studio Solution File, Format Version 12.00
# Visual Studio Version 17
VisualStudioVersion = 17.3.32929.385
MinimumVisualStudioVersion = 10.0.40219.1
Project("{FAE04EC0-301F-11D3-BF4B-00C04F79EFBC}") = "SOAPWeatherAPI", "SOAPWeatherAPI\SOAPWeatherAPI.csproj", "{5A36A205-AFD0-4002-9F8E-E15706B73146}"
EndProject
Project("{FAE04EC0-301F-11D3-BF4B-00C04F79EFBC}") = "SOAPWeatherForm", "SOAPWeatherForm\SOAPWeatherForm.csproj", "{820BCBB2-78B4-4849-8F82-20436C672CD0}"
	ProjectSection(ProjectDependencies) = postProject
		{5A36A205-AFD0-4002-9F8E-E15706B73146} = {5A36A205-AFD0-4002-9F8E-E15706B73146}
	EndProjectSection
EndProject
Global
	GlobalSection(SolutionConfigurationPlatforms) = preSolution
		Debug|Any CPU = Debug|Any CPU
		Release|Any CPU = Release|Any CPU
	EndGlobalSection
	GlobalSection(ProjectConfigurationPlatforms) = postSolution
		{5A36A205-AFD0-4002-9F8E-E15706B73146}.Debug|Any CPU.ActiveCfg = Debug|Any CPU
		{5A36A205-AFD0-4002-9F8E-E15706B73146}.Debug|Any CPU.Build.0 = Debug|Any CPU
		{5A36A205-AFD0-4002-9F8E-E15706B73146}.Release|Any CPU.ActiveCfg = Release|Any CPU
		{5A36A205-AFD0-4002-9F8E-E15706B73146}.Release|Any CPU.Build.0 = Release|Any CPU
		{820BCBB2-78B4-4849-8F82-20436C672CD0}.Debug|Any CPU.ActiveCfg = Debug|Any CPU
		{820BCBB2-78B4-4849-8F82-20436C672CD0}.Debug|Any CPU.Build.0 = Debug|Any CPU
		{820BCBB2-78B4-4849-8F82-20436C672CD0}.Release|Any CPU.ActiveCfg = Release|Any CPU
		{820BCBB2-78B4-4849-8F82-20436C672CD0}.Release|Any CPU.Build.0 = Release|Any CPU
	EndGlobalSection
	GlobalSection(SolutionProperties) = preSolution
		HideSolutionNode = FALSE
	EndGlobalSection
	GlobalSection(ExtensibilityGlobals) = postSolution
		SolutionGuid = {16809205-30CD-4650-B19B-64BD445E64F2}
	EndGlobalSection
EndGlobal
