
Microsoft Visual Studio Solution File, Format Version 12.00
# Visual Studio Version 17
VisualStudioVersion = 17.3.32929.385
MinimumVisualStudioVersion = 10.0.40219.1
Project("{FAE04EC0-301F-11D3-BF4B-00C04F79EFBC}") = "GestionAlmacen", "GestionAlmacen\GestionAlmacen.csproj", "{2552B750-EB8D-4F5A-8BEC-5AF813B630C9}"
EndProject
Project("{FAE04EC0-301F-11D3-BF4B-00C04F79EFBC}") = "Extra", "Extra\Extra.csproj", "{B89E7955-1B7A-4774-8978-1D0E398665CA}"
EndProject
Project("{FAE04EC0-301F-11D3-BF4B-00C04F79EFBC}") = "GestionAlmacenFormAsync", "GestionAlmacenFormAsync\GestionAlmacenFormAsync.csproj", "{9C615185-1980-4EFE-B18C-AD93494A033B}"
	ProjectSection(ProjectDependencies) = postProject
		{2552B750-EB8D-4F5A-8BEC-5AF813B630C9} = {2552B750-EB8D-4F5A-8BEC-5AF813B630C9}
	EndProjectSection
EndProject
Global
	GlobalSection(SolutionConfigurationPlatforms) = preSolution
		Debug|Any CPU = Debug|Any CPU
		Release|Any CPU = Release|Any CPU
	EndGlobalSection
	GlobalSection(ProjectConfigurationPlatforms) = postSolution
		{2552B750-EB8D-4F5A-8BEC-5AF813B630C9}.Debug|Any CPU.ActiveCfg = Debug|Any CPU
		{2552B750-EB8D-4F5A-8BEC-5AF813B630C9}.Debug|Any CPU.Build.0 = Debug|Any CPU
		{2552B750-EB8D-4F5A-8BEC-5AF813B630C9}.Release|Any CPU.ActiveCfg = Release|Any CPU
		{2552B750-EB8D-4F5A-8BEC-5AF813B630C9}.Release|Any CPU.Build.0 = Release|Any CPU
		{B89E7955-1B7A-4774-8978-1D0E398665CA}.Debug|Any CPU.ActiveCfg = Debug|Any CPU
		{B89E7955-1B7A-4774-8978-1D0E398665CA}.Debug|Any CPU.Build.0 = Debug|Any CPU
		{B89E7955-1B7A-4774-8978-1D0E398665CA}.Release|Any CPU.ActiveCfg = Release|Any CPU
		{B89E7955-1B7A-4774-8978-1D0E398665CA}.Release|Any CPU.Build.0 = Release|Any CPU
		{9C615185-1980-4EFE-B18C-AD93494A033B}.Debug|Any CPU.ActiveCfg = Debug|Any CPU
		{9C615185-1980-4EFE-B18C-AD93494A033B}.Debug|Any CPU.Build.0 = Debug|Any CPU
		{9C615185-1980-4EFE-B18C-AD93494A033B}.Release|Any CPU.ActiveCfg = Release|Any CPU
		{9C615185-1980-4EFE-B18C-AD93494A033B}.Release|Any CPU.Build.0 = Release|Any CPU
	EndGlobalSection
	GlobalSection(SolutionProperties) = preSolution
		HideSolutionNode = FALSE
	EndGlobalSection
	GlobalSection(ExtensibilityGlobals) = postSolution
		SolutionGuid = {5F25D5D5-5E58-44AA-AE63-2E85B547C9EC}
	EndGlobalSection
EndGlobal
