
Microsoft Visual Studio Solution File, Format Version 12.00
# Visual Studio Version 17
VisualStudioVersion = 17.3.32929.385
MinimumVisualStudioVersion = 10.0.40219.1
Project("{FAE04EC0-301F-11D3-BF4B-00C04F79EFBC}") = "BlogServiceSOAP", "BlogServiceSOAP\BlogServiceSOAP.csproj", "{30C99DFC-DAA2-4950-83A7-6E0ECCA56F41}"
EndProject
Project("{FAE04EC0-301F-11D3-BF4B-00C04F79EFBC}") = "PostViewerForm", "PostViewerForm\PostViewerForm.csproj", "{D07A38D9-DD1F-47D0-93BF-994055F8157B}"
EndProject
Global
	GlobalSection(SolutionConfigurationPlatforms) = preSolution
		Debug|Any CPU = Debug|Any CPU
		Release|Any CPU = Release|Any CPU
	EndGlobalSection
	GlobalSection(ProjectConfigurationPlatforms) = postSolution
		{30C99DFC-DAA2-4950-83A7-6E0ECCA56F41}.Debug|Any CPU.ActiveCfg = Debug|Any CPU
		{30C99DFC-DAA2-4950-83A7-6E0ECCA56F41}.Debug|Any CPU.Build.0 = Debug|Any CPU
		{30C99DFC-DAA2-4950-83A7-6E0ECCA56F41}.Release|Any CPU.ActiveCfg = Release|Any CPU
		{30C99DFC-DAA2-4950-83A7-6E0ECCA56F41}.Release|Any CPU.Build.0 = Release|Any CPU
		{D07A38D9-DD1F-47D0-93BF-994055F8157B}.Debug|Any CPU.ActiveCfg = Debug|Any CPU
		{D07A38D9-DD1F-47D0-93BF-994055F8157B}.Debug|Any CPU.Build.0 = Debug|Any CPU
		{D07A38D9-DD1F-47D0-93BF-994055F8157B}.Release|Any CPU.ActiveCfg = Release|Any CPU
		{D07A38D9-DD1F-47D0-93BF-994055F8157B}.Release|Any CPU.Build.0 = Release|Any CPU
	EndGlobalSection
	GlobalSection(SolutionProperties) = preSolution
		HideSolutionNode = FALSE
	EndGlobalSection
	GlobalSection(ExtensibilityGlobals) = postSolution
		SolutionGuid = {7B186F82-7964-46D0-A5FD-12D800CD9F53}
	EndGlobalSection
EndGlobal
